
Microsoft Visual Studio Solution File, Format Version 12.00
# Visual Studio 15
Project("{FAE04EC0-301F-11D3-BF4B-00C04F79EFBC}") = "Assembly-CSharp", "Assembly-CSharp.csproj", "{DB19A329-1957-7152-E9D1-724F953FB571}"
EndProject
Project("{FAE04EC0-301F-11D3-BF4B-00C04F79EFBC}") = "Assembly-CSharp-Editor", "Assembly-CSharp-Editor.csproj", "{D68EE1E0-1536-451C-19B4-175ED383BAC2}"
EndProject
Global
	GlobalSection(SolutionConfigurationPlatforms) = preSolution
		Debug|Any CPU = Debug|Any CPU
		Release|Any CPU = Release|Any CPU
	EndGlobalSection
	GlobalSection(ProjectConfigurationPlatforms) = postSolution
		{DB19A329-1957-7152-E9D1-724F953FB571}.Debug|Any CPU.ActiveCfg = Debug|Any CPU
		{DB19A329-1957-7152-E9D1-724F953FB571}.Debug|Any CPU.Build.0 = Debug|Any CPU
		{DB19A329-1957-7152-E9D1-724F953FB571}.Release|Any CPU.ActiveCfg = Release|Any CPU
		{DB19A329-1957-7152-E9D1-724F953FB571}.Release|Any CPU.Build.0 = Release|Any CPU
		{D68EE1E0-1536-451C-19B4-175ED383BAC2}.Debug|Any CPU.ActiveCfg = Debug|Any CPU
		{D68EE1E0-1536-451C-19B4-175ED383BAC2}.Debug|Any CPU.Build.0 = Debug|Any CPU
		{D68EE1E0-1536-451C-19B4-175ED383BAC2}.Release|Any CPU.ActiveCfg = Release|Any CPU
		{D68EE1E0-1536-451C-19B4-175ED383BAC2}.Release|Any CPU.Build.0 = Release|Any CPU
	EndGlobalSection
	GlobalSection(SolutionProperties) = preSolution
		HideSolutionNode = FALSE
	EndGlobalSection
EndGlobal
